{
  "version": 4,
  "terraform_version": "1.14.6",
  "serial": 4,
  "lineage": "3ece2426-bbfd-c8cd-e1bc-7b286b1ff908",
  "outputs": {
    "github_actions_role_arn": {
      "value": "arn:aws:iam::912951360942:role/capstone-github-actions-role",
      "type": "string"
    }
  },
  "resources": [
    {
      "module": "module.github_oidc",
      "mode": "managed",
      "type": "aws_iam_openid_connect_provider",
      "name": "github",
      "provider": "provider[\"registry.terraform.io/hashicorp/aws\"]",
      "instances": [
        {
          "schema_version": 0,
          "attributes": {
            "arn": "arn:aws:iam::912951360942:oidc-provider/token.actions.githubusercontent.com",
            "client_id_list": [
              "sts.amazonaws.com"
            ],
            "id": "arn:aws:iam::912951360942:oidc-provider/token.actions.githubusercontent.com",
            "tags": {
              "Name": "GitHub Actions OIDC Provider",
              "Project": "capstone"
            },
            "tags_all": {
              "Name": "GitHub Actions OIDC Provider",
              "Project": "capstone"
            },
            "thumbprint_list": [
              "6938fd4d98bab03faadb97b34396831e3780aea1"
            ],
            "url": "token.actions.githubusercontent.com"
          },
          "sensitive_attributes": [],
          "identity_schema_version": 0,
          "identity": {
            "arn": "arn:aws:iam::912951360942:oidc-provider/token.actions.githubusercontent.com"
          },
          "private": "bnVsbA=="
        }
      ]
    },
    {
      "module": "module.github_oidc",
      "mode": "managed",
      "type": "aws_iam_role",
      "name": "github_actions",
      "provider": "provider[\"registry.terraform.io/hashicorp/aws\"]",
      "instances": [
        {
          "schema_version": 0,
          "attributes": {
            "arn": "arn:aws:iam::912951360942:role/capstone-github-actions-role",
            "assume_role_policy": "{\"Statement\":[{\"Action\":\"sts:AssumeRoleWithWebIdentity\",\"Condition\":{\"StringEquals\":{\"token.actions.githubusercontent.com:aud\":\"sts.amazonaws.com\"},\"StringLike\":{\"token.actions.githubusercontent.com:sub\":[\"repo:aankansah/platform-engineering-capstone:ref:refs/heads/main\",\"repo:aankansah/platform-engineering-capstone:ref:refs/heads/develop\",\"repo:aankansah/platform-engineering-capstone:ref:refs/heads/staging\"]}},\"Effect\":\"Allow\",\"Principal\":{\"Federated\":\"arn:aws:iam::912951360942:oidc-provider/token.actions.githubusercontent.com\"}}],\"Version\":\"2012-10-17\"}",
            "create_date": "2026-05-12T07:59:37Z",
            "description": "",
            "force_detach_policies": false,
            "id": "capstone-github-actions-role",
            "inline_policy": [],
            "managed_policy_arns": [],
            "max_session_duration": 3600,
            "name": "capstone-github-actions-role",
            "name_prefix": "",
            "path": "/",
            "permissions_boundary": "",
            "tags": {
              "Project": "capstone",
              "Purpose": "GitHub Actions CI/CD"
            },
            "tags_all": {
              "Project": "capstone",
              "Purpose": "GitHub Actions CI/CD"
            },
            "unique_id": "AROA5JEBEHWXEP7GEXOZQ"
          },
          "sensitive_attributes": [],
          "identity_schema_version": 0,
          "identity": {
            "account_id": "912951360942",
            "name": "capstone-github-actions-role"
          },
          "private": "bnVsbA==",
          "dependencies": [
            "module.github_oidc.aws_iam_openid_connect_provider.github"
          ]
        }
      ]
    },
    {
      "module": "module.github_oidc",
      "mode": "managed",
      "type": "aws_iam_role_policy_attachment",
      "name": "github_actions_admin",
      "provider": "provider[\"registry.terraform.io/hashicorp/aws\"]",
      "instances": [
        {
          "schema_version": 0,
          "attributes": {
            "id": "capstone-github-actions-role/arn:aws:iam::aws:policy/AdministratorAccess",
            "policy_arn": "arn:aws:iam::aws:policy/AdministratorAccess",
            "role": "capstone-github-actions-role"
          },
          "sensitive_attributes": [],
          "identity_schema_version": 0,
          "identity": {
            "account_id": "912951360942",
            "policy_arn": "arn:aws:iam::aws:policy/AdministratorAccess",
            "role": "capstone-github-actions-role"
          },
          "private": "bnVsbA==",
          "dependencies": [
            "module.github_oidc.aws_iam_openid_connect_provider.github",
            "module.github_oidc.aws_iam_role.github_actions"
          ]
        }
      ]
    }
  ],
  "check_results": null
}
